schema: '2.0'
stages:
  generation-ingest:
    cmd: quarto render data-generation-01-ingest.qmd
    deps:
    - path: data-generation-01-ingest.qmd
      hash: md5
      md5: 78a76ad659ef036bfcb0e83f010c5359
      size: 3068
    outs:
    - path: data/01-ingest/generation.json
      hash: md5
      md5: 2229c6b44a83169e73bb05fd21e96068
      size: 1956813
  generation-transform:
    cmd: quarto render data-generation-02-transform.qmd
    deps:
    - path: data-generation-02-transform.qmd
      hash: md5
      md5: dac6530f3edc8be8a944740f2933edd7
      size: 2621
    - path: data/01-ingest/generation.json
      hash: md5
      md5: 2229c6b44a83169e73bb05fd21e96068
      size: 1956813
    outs:
    - path: data/02-transform/generation.parquet
      hash: md5
      md5: 99ff6754a2f05a69f1dcb9960e984f93
      size: 211001
  generation-publish:
    cmd: quarto render data-generation-99-publish.qmd
    deps:
    - path: data-generation-99-publish.qmd
      hash: md5
      md5: 05c94f38d7376a4714237be8749813ce
      size: 1513
    - path: data/02-transform/generation.parquet
      hash: md5
      md5: 99ff6754a2f05a69f1dcb9960e984f93
      size: 211001
    outs:
    - path: data/99-publish/fake-utc/generation.parquet
      hash: md5
      md5: 45dcb59cba895bf57874f9b4992b0930
      size: 210968
    - path: data/99-publish/generation-meta.json
      hash: md5
      md5: 018ea9939a07c5f9909f77d316b289cb
      size: 74
    - path: data/99-publish/standard/generation.parquet
      hash: md5
      md5: 99ff6754a2f05a69f1dcb9960e984f93
      size: 211001
  index:
    cmd: quarto render index.qmd
    deps:
    - path: data/99-publish/fake-utc/generation.parquet
      hash: md5
      md5: 45dcb59cba895bf57874f9b4992b0930
      size: 210968
    - path: data/99-publish/standard/generation.parquet
      hash: md5
      md5: 99ff6754a2f05a69f1dcb9960e984f93
      size: 211001
    - path: index.qmd
      hash: md5
      md5: d167ae9978a4738627f43c3343331bb9
      size: 2663
