schema: '2.0'
stages:
  generation-ingest:
    cmd: quarto render data-generation-01-ingest.qmd
    deps:
    - path: data-generation-01-ingest.qmd
      hash: md5
      md5: d50054a8bf9ab9f6e897a43e756fe3f1
      size: 3183
    params:
      dvc-params.yaml:
        tz_local: Europe/Paris
    outs:
    - path: data/01-ingest/generation.json
      hash: md5
      md5: da0f2b324973c3a88b1945e1b6b477f7
      size: 1957090
  generation-transform:
    cmd: quarto render data-generation-02-transform.qmd
    deps:
    - path: data-generation-02-transform.qmd
      hash: md5
      md5: e6f85a67bf9045a2e60af67caf493d39
      size: 2302
    - path: data/01-ingest/generation.json
      hash: md5
      md5: da0f2b324973c3a88b1945e1b6b477f7
      size: 1957090
    outs:
    - path: data/02-transform/generation.parquet
      hash: md5
      md5: 43870a0c12134298607a662e3e1361bc
      size: 295437
  generation-publish:
    cmd: quarto render data-generation-99-publish.qmd
    deps:
    - path: data-generation-99-publish.qmd
      hash: md5
      md5: 05c94f38d7376a4714237be8749813ce
      size: 1513
    - path: data/02-transform/generation.parquet
      hash: md5
      md5: 43870a0c12134298607a662e3e1361bc
      size: 295437
    outs:
    - path: data/99-publish/fake-utc/generation.parquet
      hash: md5
      md5: e74df98143274309eb0ef4e5ec04ddfd
      size: 295407
    - path: data/99-publish/generation-meta.json
      hash: md5
      md5: 38ea15d32970889e4ed7d8c8ca99e629
      size: 74
    - path: data/99-publish/standard/generation.parquet
      hash: md5
      md5: 43870a0c12134298607a662e3e1361bc
      size: 295437
  index:
    cmd: quarto render index.qmd
    deps:
    - path: data/99-publish/fake-utc/generation.parquet
      hash: md5
      md5: e74df98143274309eb0ef4e5ec04ddfd
      size: 295407
    - path: data/99-publish/standard/generation.parquet
      hash: md5
      md5: 43870a0c12134298607a662e3e1361bc
      size: 295437
    - path: index.qmd
      hash: md5
      md5: d167ae9978a4738627f43c3343331bb9
      size: 2663
