schema: '2.0'
stages:
  generation-ingest:
    cmd: quarto render data-generation-01-ingest.qmd
    deps:
    - path: data-generation-01-ingest.qmd
      hash: md5
      md5: ada11dbc9bdd9da76a86899391fe80ba
      size: 3777
    params:
      dvc-params.yaml:
        tz_local: Europe/Paris
    outs:
    - path: data/01-ingest/generation.json
      hash: md5
      md5: cd2e427c5a02d397f0d1d859a208b935
      size: 4490331
  generation-transform:
    cmd: quarto render data-generation-02-transform.qmd
    deps:
    - path: data-generation-02-transform.qmd
      hash: md5
      md5: 77c3bd01c32ee78646c1e5386d5b02d0
      size: 2840
    - path: data/01-ingest/generation.json
      hash: md5
      md5: cd2e427c5a02d397f0d1d859a208b935
      size: 4490331
    params:
      dvc-params.yaml:
        tz_local: Europe/Paris
    outs:
    - path: data/02-transform/generation.parquet
      hash: md5
      md5: 2ab27c61f8605ec72a57366cf18ac629
      size: 826901
  generation-publish:
    cmd: quarto render data-generation-99-publish.qmd
    deps:
    - path: data-generation-99-publish.qmd
      hash: md5
      md5: 76831b27746a15957e441b0444286894
      size: 1849
    - path: data/02-transform/generation.parquet
      hash: md5
      md5: 2ab27c61f8605ec72a57366cf18ac629
      size: 826901
    outs:
    - path: data/99-publish/fake-utc/generation.parquet
      hash: md5
      md5: 0f45d9f396587f7a8c06cc76b9377f2c
      size: 826866
    - path: data/99-publish/generation-meta.json
      hash: md5
      md5: cb21377cc14c57f31796e6234f29a999
      size: 45
    - path: data/99-publish/standard/generation.parquet
      hash: md5
      md5: 2ab27c61f8605ec72a57366cf18ac629
      size: 826901
  index:
    cmd: quarto render index.qmd
    deps:
    - path: data/99-publish/fake-utc/generation.parquet
      hash: md5
      md5: 0f45d9f396587f7a8c06cc76b9377f2c
      size: 826866
    - path: data/99-publish/standard/generation.parquet
      hash: md5
      md5: 2ab27c61f8605ec72a57366cf18ac629
      size: 826901
    - path: index.qmd
      hash: md5
      md5: c7ad113439d3955759d8deb578b8f385
      size: 3218
